
Microsoft Visual Studio Solution File, Format Version 12.00
# Visual Studio Version 16
VisualStudioVersion = 16.0.31729.503
MinimumVisualStudioVersion = 10.0.40219.1
Project("{FAE04EC0-301F-11D3-BF4B-00C04F79EFBC}") = "CryptoPay.Connector", "CryptoPay.Connector\CryptoPay.Connector.csproj", "{B534ADBB-1D3E-4987-AFF0-BFD34752A912}"
EndProject
Project("{FAE04EC0-301F-11D3-BF4B-00C04F79EFBC}") = "Tests", "Tests\Tests.csproj", "{E36ADEB2-D0E5-496D-919E-648FB9306AED}"
EndProject
Global
	GlobalSection(SolutionConfigurationPlatforms) = preSolution
		Debug|Any CPU = Debug|Any CPU
		Release|Any CPU = Release|Any CPU
	EndGlobalSection
	GlobalSection(ProjectConfigurationPlatforms) = postSolution
		{B534ADBB-1D3E-4987-AFF0-BFD34752A912}.Debug|Any CPU.ActiveCfg = Debug|Any CPU
		{B534ADBB-1D3E-4987-AFF0-BFD34752A912}.Debug|Any CPU.Build.0 = Debug|Any CPU
		{B534ADBB-1D3E-4987-AFF0-BFD34752A912}.Release|Any CPU.ActiveCfg = Release|Any CPU
		{B534ADBB-1D3E-4987-AFF0-BFD34752A912}.Release|Any CPU.Build.0 = Release|Any CPU
		{E36ADEB2-D0E5-496D-919E-648FB9306AED}.Debug|Any CPU.ActiveCfg = Debug|Any CPU
		{E36ADEB2-D0E5-496D-919E-648FB9306AED}.Debug|Any CPU.Build.0 = Debug|Any CPU
		{E36ADEB2-D0E5-496D-919E-648FB9306AED}.Release|Any CPU.ActiveCfg = Release|Any CPU
		{E36ADEB2-D0E5-496D-919E-648FB9306AED}.Release|Any CPU.Build.0 = Release|Any CPU
	EndGlobalSection
	GlobalSection(SolutionProperties) = preSolution
		HideSolutionNode = FALSE
	EndGlobalSection
	GlobalSection(ExtensibilityGlobals) = postSolution
		SolutionGuid = {3EF6EF06-ECD4-45ED-871E-9209554193DA}
	EndGlobalSection
EndGlobal
